// !$*UTF8*$!
{
	archiveVersion = 1;
	classes = {
	};
	objectVersion = 56;
	objects = {

/* Begin PBXBuildFile section */
		0B814CA92C8A5831009978ED /* Constants.swift in Sources */ = {isa = PBXBuildFile; fileRef = 0B814CA82C8A5831009978ED /* Constants.swift */; };
		0B814CAB2C8A59E9009978ED /* CategoryListViewController + UITableView.swift in Sources */ = {isa = PBXBuildFile; fileRef = 0B814CAA2C8A59E9009978ED /* CategoryListViewController + UITableView.swift */; };
		0B814CAD2C8A5A34009978ED /* CategoryListViewController + UICollectionView.swift in Sources */ = {isa = PBXBuildFile; fileRef = 0B814CAC2C8A5A34009978ED /* CategoryListViewController + UICollectionView.swift */; };
		0B814CAF2C8A5A6E009978ED /* CategoryListViewController + UISearchBar.swift in Sources */ = {isa = PBXBuildFile; fileRef = 0B814CAE2C8A5A6E009978ED /* CategoryListViewController + UISearchBar.swift */; };
		0B814CB12C8AD7F3009978ED /* Categories.json in Resources */ = {isa = PBXBuildFile; fileRef = 0B814CB02C8AD7F3009978ED /* Categories.json */; };
		B3688B0A2C870C210087C7A3 /* AppDelegate.swift in Sources */ = {isa = PBXBuildFile; fileRef = B3688B092C870C210087C7A3 /* AppDelegate.swift */; };
		B3688B0C2C870C210087C7A3 /* SceneDelegate.swift in Sources */ = {isa = PBXBuildFile; fileRef = B3688B0B2C870C210087C7A3 /* SceneDelegate.swift */; };
		B3688B0E2C870C210087C7A3 /* CategoryListViewController.swift in Sources */ = {isa = PBXBuildFile; fileRef = B3688B0D2C870C210087C7A3 /* CategoryListViewController.swift */; };
		B3688B112C870C210087C7A3 /* Base in Resources */ = {isa = PBXBuildFile; fileRef = B3688B102C870C210087C7A3 /* Base */; };
		B3688B142C870C210087C7A3 /* InterviewTask.xcdatamodeld in Sources */ = {isa = PBXBuildFile; fileRef = B3688B122C870C210087C7A3 /* InterviewTask.xcdatamodeld */; };
		B3688B162C870C230087C7A3 /* Assets.xcassets in Resources */ = {isa = PBXBuildFile; fileRef = B3688B152C870C230087C7A3 /* Assets.xcassets */; };
		B3688B192C870C230087C7A3 /* Base in Resources */ = {isa = PBXBuildFile; fileRef = B3688B182C870C230087C7A3 /* Base */; };
		B3688B212C870F970087C7A3 /* CategoryCollectioViewCell.swift in Sources */ = {isa = PBXBuildFile; fileRef = B3688B202C870F970087C7A3 /* CategoryCollectioViewCell.swift */; };
		B3688B232C870FC30087C7A3 /* HeaderSearchTableViewCell.swift in Sources */ = {isa = PBXBuildFile; fileRef = B3688B222C870FC30087C7A3 /* HeaderSearchTableViewCell.swift */; };
		B3688B252C870FD50087C7A3 /* ItemTableViewcell.swift in Sources */ = {isa = PBXBuildFile; fileRef = B3688B242C870FD50087C7A3 /* ItemTableViewcell.swift */; };
		B3688B272C8710890087C7A3 /* CategoriesModel.swift in Sources */ = {isa = PBXBuildFile; fileRef = B3688B262C8710890087C7A3 /* CategoriesModel.swift */; };
/* End PBXBuildFile section */

/* Begin PBXFileReference section */
		0B814CA82C8A5831009978ED /* Constants.swift */ = {isa = PBXFileReference; lastKnownFileType = sourcecode.swift; path = Constants.swift; sourceTree = "<group>"; };
		0B814CAA2C8A59E9009978ED /* CategoryListViewController + UITableView.swift */ = {isa = PBXFileReference; lastKnownFileType = sourcecode.swift; path = "CategoryListViewController + UITableView.swift"; sourceTree = "<group>"; };
		0B814CAC2C8A5A34009978ED /* CategoryListViewController + UICollectionView.swift */ = {isa = PBXFileReference; lastKnownFileType = sourcecode.swift; path = "CategoryListViewController + UICollectionView.swift"; sourceTree = "<group>"; };
		0B814CAE2C8A5A6E009978ED /* CategoryListViewController + UISearchBar.swift */ = {isa = PBXFileReference; lastKnownFileType = sourcecode.swift; path = "CategoryListViewController + UISearchBar.swift"; sourceTree = "<group>"; };
		0B814CB02C8AD7F3009978ED /* Categories.json */ = {isa = PBXFileReference; fileEncoding = 4; lastKnownFileType = text.json; path = Categories.json; sourceTree = "<group>"; };
		B3688B062C870C210087C7A3 /* InterviewTask.app */ = {isa = PBXFileReference; explicitFileType = wrapper.application; includeInIndex = 0; path = InterviewTask.app; sourceTree = BUILT_PRODUCTS_DIR; };
		B3688B092C870C210087C7A3 /* AppDelegate.swift */ = {isa = PBXFileReference; lastKnownFileType = sourcecode.swift; path = AppDelegate.swift; sourceTree = "<group>"; };
		B3688B0B2C870C210087C7A3 /* SceneDelegate.swift */ = {isa = PBXFileReference; lastKnownFileType = sourcecode.swift; path = SceneDelegate.swift; sourceTree = "<group>"; };
		B3688B0D2C870C210087C7A3 /* CategoryListViewController.swift */ = {isa = PBXFileReference; lastKnownFileType = sourcecode.swift; path = CategoryListViewController.swift; sourceTree = "<group>"; };
		B3688B102C870C210087C7A3 /* Base */ = {isa = PBXFileReference; lastKnownFileType = file.storyboard; name = Base; path = Base.lproj/Main.storyboard; sourceTree = "<group>"; };
		B3688B132C870C210087C7A3 /* InterviewTask.xcdatamodel */ = {isa = PBXFileReference; lastKnownFileType = wrapper.xcdatamodel; path = InterviewTask.xcdatamodel; sourceTree = "<group>"; };
		B3688B152C870C230087C7A3 /* Assets.xcassets */ = {isa = PBXFileReference; lastKnownFileType = folder.assetcatalog; path = Assets.xcassets; sourceTree = "<group>"; };
		B3688B182C870C230087C7A3 /* Base */ = {isa = PBXFileReference; lastKnownFileType = file.storyboard; name = Base; path = Base.lproj/LaunchScreen.storyboard; sourceTree = "<group>"; };
		B3688B1A2C870C230087C7A3 /* Info.plist */ = {isa = PBXFileReference; lastKnownFileType = text.plist.xml; path = Info.plist; sourceTree = "<group>"; };
		B3688B202C870F970087C7A3 /* CategoryCollectioViewCell.swift */ = {isa = PBXFileReference; lastKnownFileType = sourcecode.swift; path = CategoryCollectioViewCell.swift; sourceTree = "<group>"; };
		B3688B222C870FC30087C7A3 /* HeaderSearchTableViewCell.swift */ = {isa = PBXFileReference; lastKnownFileType = sourcecode.swift; path = HeaderSearchTableViewCell.swift; sourceTree = "<group>"; };
		B3688B242C870FD50087C7A3 /* ItemTableViewcell.swift */ = {isa = PBXFileReference; lastKnownFileType = sourcecode.swift; path = ItemTableViewcell.swift; sourceTree = "<group>"; };
		B3688B262C8710890087C7A3 /* CategoriesModel.swift */ = {isa = PBXFileReference; lastKnownFileType = sourcecode.swift; path = CategoriesModel.swift; sourceTree = "<group>"; };
/* End PBXFileReference section */

/* Begin PBXFrameworksBuildPhase section */
		B3688B032C870C210087C7A3 /* Frameworks */ = {
			isa = PBXFrameworksBuildPhase;
			buildActionMask = 2147483647;
			files = (
			);
			runOnlyForDeploymentPostprocessing = 0;
		};
/* End PBXFrameworksBuildPhase section */

/* Begin PBXGroup section */
		0B780E5C2C873F3A006316D0 /* AppDelegates */ = {
			isa = PBXGroup;
			children = (
				B3688B092C870C210087C7A3 /* AppDelegate.swift */,
				B3688B0B2C870C210087C7A3 /* SceneDelegate.swift */,
			);
			path = AppDelegates;
			sourceTree = "<group>";
		};
		0B780E5D2C874090006316D0 /* View */ = {
			isa = PBXGroup;
			children = (
				B3688B0F2C870C210087C7A3 /* Main.storyboard */,
			);
			path = View;
			sourceTree = "<group>";
		};
		0B780E5E2C8740A0006316D0 /* Controller */ = {
			isa = PBXGroup;
			children = (
				B3688B0D2C870C210087C7A3 /* CategoryListViewController.swift */,
				0B814CAC2C8A5A34009978ED /* CategoryListViewController + UICollectionView.swift */,
				0B814CAE2C8A5A6E009978ED /* CategoryListViewController + UISearchBar.swift */,
				0B814CAA2C8A59E9009978ED /* CategoryListViewController + UITableView.swift */,
				0B780E5F2C8740BA006316D0 /* Cells */,
			);
			path = Controller;
			sourceTree = "<group>";
		};
		0B780E5F2C8740BA006316D0 /* Cells */ = {
			isa = PBXGroup;
			children = (
				B3688B202C870F970087C7A3 /* CategoryCollectioViewCell.swift */,
				B3688B222C870FC30087C7A3 /* HeaderSearchTableViewCell.swift */,
				B3688B242C870FD50087C7A3 /* ItemTableViewcell.swift */,
			);
			path = Cells;
			sourceTree = "<group>";
		};
		0B780E602C8740C4006316D0 /* Model */ = {
			isa = PBXGroup;
			children = (
				B3688B262C8710890087C7A3 /* CategoriesModel.swift */,
			);
			path = Model;
			sourceTree = "<group>";
		};
		0B814CA42C8A546E009978ED /* Resourese */ = {
			isa = PBXGroup;
			children = (
				0B814CB02C8AD7F3009978ED /* Categories.json */,
				B3688B152C870C230087C7A3 /* Assets.xcassets */,
			);
			path = Resourese;
			sourceTree = "<group>";
		};
		0B814CA72C8A5817009978ED /* Constants */ = {
			isa = PBXGroup;
			children = (
				0B814CA82C8A5831009978ED /* Constants.swift */,
			);
			path = Constants;
			sourceTree = "<group>";
		};
		B3688AFD2C870C210087C7A3 = {
			isa = PBXGroup;
			children = (
				B3688B082C870C210087C7A3 /* InterviewTask */,
				B3688B072C870C210087C7A3 /* Products */,
			);
			sourceTree = "<group>";
		};
		B3688B072C870C210087C7A3 /* Products */ = {
			isa = PBXGroup;
			children = (
				B3688B062C870C210087C7A3 /* InterviewTask.app */,
			);
			name = Products;
			sourceTree = "<group>";
		};
		B3688B082C870C210087C7A3 /* InterviewTask */ = {
			isa = PBXGroup;
			children = (
				0B780E5C2C873F3A006316D0 /* AppDelegates */,
				0B814CA72C8A5817009978ED /* Constants */,
				0B780E602C8740C4006316D0 /* Model */,
				0B780E5D2C874090006316D0 /* View */,
				0B780E5E2C8740A0006316D0 /* Controller */,
				0B814CA42C8A546E009978ED /* Resourese */,
				B3688B172C870C230087C7A3 /* LaunchScreen.storyboard */,
				B3688B1A2C870C230087C7A3 /* Info.plist */,
				B3688B122C870C210087C7A3 /* InterviewTask.xcdatamodeld */,
			);
			path = InterviewTask;
			sourceTree = "<group>";
		};
/* End PBXGroup section */

/* Begin PBXNativeTarget section */
		B3688B052C870C210087C7A3 /* InterviewTask */ = {
			isa = PBXNativeTarget;
			buildConfigurationList = B3688B1D2C870C230087C7A3 /* Build configuration list for PBXNativeTarget "InterviewTask" */;
			buildPhases = (
				B3688B022C870C210087C7A3 /* Sources */,
				B3688B032C870C210087C7A3 /* Frameworks */,
				B3688B042C870C210087C7A3 /* Resources */,
			);
			buildRules = (
			);
			dependencies = (
			);
			name = InterviewTask;
			productName = InterviewTask;
			productReference = B3688B062C870C210087C7A3 /* InterviewTask.app */;
			productType = "com.apple.product-type.application";
		};
/* End PBXNativeTarget section */

/* Begin PBXProject section */
		B3688AFE2C870C210087C7A3 /* Project object */ = {
			isa = PBXProject;
			attributes = {
				BuildIndependentTargetsInParallel = 1;
				LastSwiftUpdateCheck = 1540;
				LastUpgradeCheck = 1540;
				TargetAttributes = {
					B3688B052C870C210087C7A3 = {
						CreatedOnToolsVersion = 15.4;
					};
				};
			};
			buildConfigurationList = B3688B012C870C210087C7A3 /* Build configuration list for PBXProject "InterviewTask" */;
			compatibilityVersion = "Xcode 14.0";
			developmentRegion = en;
			hasScannedForEncodings = 0;
			knownRegions = (
				en,
				Base,
			);
			mainGroup = B3688AFD2C870C210087C7A3;
			productRefGroup = B3688B072C870C210087C7A3 /* Products */;
			projectDirPath = "";
			projectRoot = "";
			targets = (
				B3688B052C870C210087C7A3 /* InterviewTask */,
			);
		};
/* End PBXProject section */

/* Begin PBXResourcesBuildPhase section */
		B3688B042C870C210087C7A3 /* Resources */ = {
			isa = PBXResourcesBuildPhase;
			buildActionMask = 2147483647;
			files = (
				B3688B162C870C230087C7A3 /* Assets.xcassets in Resources */,
				B3688B192C870C230087C7A3 /* Base in Resources */,
				0B814CB12C8AD7F3009978ED /* Categories.json in Resources */,
				B3688B112C870C210087C7A3 /* Base in Resources */,
			);
			runOnlyForDeploymentPostprocessing = 0;
		};
/* End PBXResourcesBuildPhase section */

/* Begin PBXSourcesBuildPhase section */
		B3688B022C870C210087C7A3 /* Sources */ = {
			isa = PBXSourcesBuildPhase;
			buildActionMask = 2147483647;
			files = (
				0B814CAB2C8A59E9009978ED /* CategoryListViewController + UITableView.swift in Sources */,
				B3688B0E2C870C210087C7A3 /* CategoryListViewController.swift in Sources */,
				B3688B0A2C870C210087C7A3 /* AppDelegate.swift in Sources */,
				B3688B232C870FC30087C7A3 /* HeaderSearchTableViewCell.swift in Sources */,
				B3688B142C870C210087C7A3 /* InterviewTask.xcdatamodeld in Sources */,
				B3688B212C870F970087C7A3 /* CategoryCollectioViewCell.swift in Sources */,
				0B814CA92C8A5831009978ED /* Constants.swift in Sources */,
				0B814CAD2C8A5A34009978ED /* CategoryListViewController + UICollectionView.swift in Sources */,
				B3688B252C870FD50087C7A3 /* ItemTableViewcell.swift in Sources */,
				B3688B0C2C870C210087C7A3 /* SceneDelegate.swift in Sources */,
				0B814CAF2C8A5A6E009978ED /* CategoryListViewController + UISearchBar.swift in Sources */,
				B3688B272C8710890087C7A3 /* CategoriesModel.swift in Sources */,
			);
			runOnlyForDeploymentPostprocessing = 0;
		};
/* End PBXSourcesBuildPhase section */

/* Begin PBXVariantGroup section */
		B3688B0F2C870C210087C7A3 /* Main.storyboard */ = {
			isa = PBXVariantGroup;
			children = (
				B3688B102C870C210087C7A3 /* Base */,
			);
			name = Main.storyboard;
			sourceTree = "<group>";
		};
		B3688B172C870C230087C7A3 /* LaunchScreen.storyboard */ = {
			isa = PBXVariantGroup;
			children = (
				B3688B182C870C230087C7A3 /* Base */,
			);
			name = LaunchScreen.storyboard;
			sourceTree = "<group>";
		};
/* End PBXVariantGroup section */

/* Begin XCBuildConfiguration section */
		B3688B1B2C870C230087C7A3 /* Debug */ = {
			isa = XCBuildConfiguration;
			buildSettings = {
				ALWAYS_SEARCH_USER_PATHS = NO;
				ASSETCATALOG_COMPILER_GENERATE_SWIFT_ASSET_SYMBOL_EXTENSIONS = YES;
				CLANG_ANALYZER_NONNULL = YES;
				CLANG_ANALYZER_NUMBER_OBJECT_CONVERSION = YES_AGGRESSIVE;
				CLANG_CXX_LANGUAGE_STANDARD = "gnu++20";
				CLANG_ENABLE_MODULES = YES;
				CLANG_ENABLE_OBJC_ARC = YES;
				CLANG_ENABLE_OBJC_WEAK = YES;
				CLANG_WARN_BLOCK_CAPTURE_AUTORELEASING = YES;
				CLANG_WARN_BOOL_CONVERSION = YES;
				CLANG_WARN_COMMA = YES;
				CLANG_WARN_CONSTANT_CONVERSION = YES;
				CLANG_WARN_DEPRECATED_OBJC_IMPLEMENTATIONS = YES;
				CLANG_WARN_DIRECT_OBJC_ISA_USAGE = YES_ERROR;
				CLANG_WARN_DOCUMENTATION_COMMENTS = YES;
				CLANG_WARN_EMPTY_BODY = YES;
				CLANG_WARN_ENUM_CONVERSION = YES;
				CLANG_WARN_INFINITE_RECURSION = YES;
				CLANG_WARN_INT_CONVERSION = YES;
				CLANG_WARN_NON_LITERAL_NULL_CONVERSION = YES;
				CLANG_WARN_OBJC_IMPLICIT_RETAIN_SELF = YES;
				CLANG_WARN_OBJC_LITERAL_CONVERSION = YES;
				CLANG_WARN_OBJC_ROOT_CLASS = YES_ERROR;
				CLANG_WARN_QUOTED_INCLUDE_IN_FRAMEWORK_HEADER = YES;
				CLANG_WARN_RANGE_LOOP_ANALYSIS = YES;
				CLANG_WARN_STRICT_PROTOTYPES = YES;
				CLANG_WARN_SUSPICIOUS_MOVE = YES;
				CLANG_WARN_UNGUARDED_AVAILABILITY = YES_AGGRESSIVE;
				CLANG_WARN_UNREACHABLE_CODE = YES;
				CLANG_WARN__DUPLICATE_METHOD_MATCH = YES;
				COPY_PHASE_STRIP = NO;
				DEBUG_INFORMATION_FORMAT = dwarf;
				ENABLE_STRICT_OBJC_MSGSEND = YES;
				ENABLE_TESTABILITY = YES;
				ENABLE_USER_SCRIPT_SANDBOXING = YES;
				GCC_C_LANGUAGE_STANDARD = gnu17;
				GCC_DYNAMIC_NO_PIC = NO;
				GCC_NO_COMMON_BLOCKS = YES;
				GCC_OPTIMIZATION_LEVEL = 0;
				GCC_PREPROCESSOR_DEFINITIONS = (
					"DEBUG=1",
					"$(inherited)",
				);
				GCC_WARN_64_TO_32_BIT_CONVERSION = YES;
				GCC_WARN_ABOUT_RETURN_TYPE = YES_ERROR;
				GCC_WARN_UNDECLARED_SELECTOR = YES;
				GCC_WARN_UNINITIALIZED_AUTOS = YES_AGGRESSIVE;
				GCC_WARN_UNUSED_FUNCTION = YES;
				GCC_WARN_UNUSED_VARIABLE = YES;
				IPHONEOS_DEPLOYMENT_TARGET = 17.5;
				LOCALIZATION_PREFERS_STRING_CATALOGS = YES;
				MTL_ENABLE_DEBUG_INFO = INCLUDE_SOURCE;
				MTL_FAST_MATH = YES;
				ONLY_ACTIVE_ARCH = YES;
				SDKROOT = iphoneos;
				SWIFT_ACTIVE_COMPILATION_CONDITIONS = "DEBUG $(inherited)";
				SWIFT_OPTIMIZATION_LEVEL = "-Onone";
			};
			name = Debug;
		};
		B3688B1C2C870C230087C7A3 /* Release */ = {
			isa = XCBuildConfiguration;
			buildSettings = {
				ALWAYS_SEARCH_USER_PATHS = NO;
				ASSETCATALOG_COMPILER_GENERATE_SWIFT_ASSET_SYMBOL_EXTENSIONS = YES;
				CLANG_ANALYZER_NONNULL = YES;
				CLANG_ANALYZER_NUMBER_OBJECT_CONVERSION = YES_AGGRESSIVE;
				CLANG_CXX_LANGUAGE_STANDARD = "gnu++20";
				CLANG_ENABLE_MODULES = YES;
				CLANG_ENABLE_OBJC_ARC = YES;
				CLANG_ENABLE_OBJC_WEAK = YES;
				CLANG_WARN_BLOCK_CAPTURE_AUTORELEASING = YES;
				CLANG_WARN_BOOL_CONVERSION = YES;
				CLANG_WARN_COMMA = YES;
				CLANG_WARN_CONSTANT_CONVERSION = YES;
				CLANG_WARN_DEPRECATED_OBJC_IMPLEMENTATIONS = YES;
				CLANG_WARN_DIRECT_OBJC_ISA_USAGE = YES_ERROR;
				CLANG_WARN_DOCUMENTATION_COMMENTS = YES;
				CLANG_WARN_EMPTY_BODY = YES;
				CLANG_WARN_ENUM_CONVERSION = YES;
				CLANG_WARN_INFINITE_RECURSION = YES;
				CLANG_WARN_INT_CONVERSION = YES;
				CLANG_WARN_NON_LITERAL_NULL_CONVERSION = YES;
				CLANG_WARN_OBJC_IMPLICIT_RETAIN_SELF = YES;
				CLANG_WARN_OBJC_LITERAL_CONVERSION = YES;
				CLANG_WARN_OBJC_ROOT_CLASS = YES_ERROR;
				CLANG_WARN_QUOTED_INCLUDE_IN_FRAMEWORK_HEADER = YES;
				CLANG_WARN_RANGE_LOOP_ANALYSIS = YES;
				CLANG_WARN_STRICT_PROTOTYPES = YES;
				CLANG_WARN_SUSPICIOUS_MOVE = YES;
				CLANG_WARN_UNGUARDED_AVAILABILITY = YES_AGGRESSIVE;
				CLANG_WARN_UNREACHABLE_CODE = YES;
				CLANG_WARN__DUPLICATE_METHOD_MATCH = YES;
				COPY_PHASE_STRIP = NO;
				DEBUG_INFORMATION_FORMAT = "dwarf-with-dsym";
				ENABLE_NS_ASSERTIONS = NO;
				ENABLE_STRICT_OBJC_MSGSEND = YES;
				ENABLE_USER_SCRIPT_SANDBOXING = YES;
				GCC_C_LANGUAGE_STANDARD = gnu17;
				GCC_NO_COMMON_BLOCKS = YES;
				GCC_WARN_64_TO_32_BIT_CONVERSION = YES;
				GCC_WARN_ABOUT_RETURN_TYPE = YES_ERROR;
				GCC_WARN_UNDECLARED_SELECTOR = YES;
				GCC_WARN_UNINITIALIZED_AUTOS = YES_AGGRESSIVE;
				GCC_WARN_UNUSED_FUNCTION = YES;
				GCC_WARN_UNUSED_VARIABLE = YES;
				IPHONEOS_DEPLOYMENT_TARGET = 17.5;
				LOCALIZATION_PREFERS_STRING_CATALOGS = YES;
				MTL_ENABLE_DEBUG_INFO = NO;
				MTL_FAST_MATH = YES;
				SDKROOT = iphoneos;
				SWIFT_COMPILATION_MODE = wholemodule;
				VALIDATE_PRODUCT = YES;
			};
			name = Release;
		};
		B3688B1E2C870C230087C7A3 /* Debug */ = {
			isa = XCBuildConfiguration;
			buildSettings = {
				ASSETCATALOG_COMPILER_APPICON_NAME = AppIcon;
				ASSETCATALOG_COMPILER_GLOBAL_ACCENT_COLOR_NAME = AccentColor;
				CODE_SIGN_STYLE = Automatic;
				CURRENT_PROJECT_VERSION = 1;
				DEVELOPMENT_TEAM = 3X422NXB8Q;
				GENERATE_INFOPLIST_FILE = YES;
				INFOPLIST_FILE = InterviewTask/Info.plist;
				INFOPLIST_KEY_UIApplicationSupportsIndirectInputEvents = YES;
				INFOPLIST_KEY_UILaunchStoryboardName = LaunchScreen;
				INFOPLIST_KEY_UIMainStoryboardFile = Main;
				INFOPLIST_KEY_UISupportedInterfaceOrientations_iPad = "UIInterfaceOrientationPortrait UIInterfaceOrientationPortraitUpsideDown UIInterfaceOrientationLandscapeLeft UIInterfaceOrientationLandscapeRight";
				INFOPLIST_KEY_UISupportedInterfaceOrientations_iPhone = "UIInterfaceOrientationPortrait UIInterfaceOrientationLandscapeLeft UIInterfaceOrientationLandscapeRight";
				IPHONEOS_DEPLOYMENT_TARGET = 15.0;
				LD_RUNPATH_SEARCH_PATHS = (
					"$(inherited)",
					"@executable_path/Frameworks",
				);
				MARKETING_VERSION = 1.0;
				PRODUCT_BUNDLE_IDENTIFIER = Kishore.InterviewTask;
				PRODUCT_NAME = "$(TARGET_NAME)";
				SWIFT_EMIT_LOC_STRINGS = YES;
				SWIFT_VERSION = 5.0;
				TARGETED_DEVICE_FAMILY = "1,2";
			};
			name = Debug;
		};
		B3688B1F2C870C230087C7A3 /* Release */ = {
			isa = XCBuildConfiguration;
			buildSettings = {
				ASSETCATALOG_COMPILER_APPICON_NAME = AppIcon;
				ASSETCATALOG_COMPILER_GLOBAL_ACCENT_COLOR_NAME = AccentColor;
				CODE_SIGN_STYLE = Automatic;
				CURRENT_PROJECT_VERSION = 1;
				DEVELOPMENT_TEAM = 3X422NXB8Q;
				GENERATE_INFOPLIST_FILE = YES;
				INFOPLIST_FILE = InterviewTask/Info.plist;
				INFOPLIST_KEY_UIApplicationSupportsIndirectInputEvents = YES;
				INFOPLIST_KEY_UILaunchStoryboardName = LaunchScreen;
				INFOPLIST_KEY_UIMainStoryboardFile = Main;
				INFOPLIST_KEY_UISupportedInterfaceOrientations_iPad = "UIInterfaceOrientationPortrait UIInterfaceOrientationPortraitUpsideDown UIInterfaceOrientationLandscapeLeft UIInterfaceOrientationLandscapeRight";
				INFOPLIST_KEY_UISupportedInterfaceOrientations_iPhone = "UIInterfaceOrientationPortrait UIInterfaceOrientationLandscapeLeft UIInterfaceOrientationLandscapeRight";
				IPHONEOS_DEPLOYMENT_TARGET = 15.0;
				LD_RUNPATH_SEARCH_PATHS = (
					"$(inherited)",
					"@executable_path/Frameworks",
				);
				MARKETING_VERSION = 1.0;
				PRODUCT_BUNDLE_IDENTIFIER = Kishore.InterviewTask;
				PRODUCT_NAME = "$(TARGET_NAME)";
				SWIFT_EMIT_LOC_STRINGS = YES;
				SWIFT_VERSION = 5.0;
				TARGETED_DEVICE_FAMILY = "1,2";
			};
			name = Release;
		};
/* End XCBuildConfiguration section */

/* Begin XCConfigurationList section */
		B3688B012C870C210087C7A3 /* Build configuration list for PBXProject "InterviewTask" */ = {
			isa = XCConfigurationList;
			buildConfigurations = (
				B3688B1B2C870C230087C7A3 /* Debug */,
				B3688B1C2C870C230087C7A3 /* Release */,
			);
			defaultConfigurationIsVisible = 0;
			defaultConfigurationName = Release;
		};
		B3688B1D2C870C230087C7A3 /* Build configuration list for PBXNativeTarget "InterviewTask" */ = {
			isa = XCConfigurationList;
			buildConfigurations = (
				B3688B1E2C870C230087C7A3 /* Debug */,
				B3688B1F2C870C230087C7A3 /* Release */,
			);
			defaultConfigurationIsVisible = 0;
			defaultConfigurationName = Release;
		};
/* End XCConfigurationList section */

/* Begin XCVersionGroup section */
		B3688B122C870C210087C7A3 /* InterviewTask.xcdatamodeld */ = {
			isa = XCVersionGroup;
			children = (
				B3688B132C870C210087C7A3 /* InterviewTask.xcdatamodel */,
			);
			currentVersion = B3688B132C870C210087C7A3 /* InterviewTask.xcdatamodel */;
			path = InterviewTask.xcdatamodeld;
			sourceTree = "<group>";
			versionGroupType = wrapper.xcdatamodel;
		};
/* End XCVersionGroup section */
	};
	rootObject = B3688AFE2C870C210087C7A3 /* Project object */;
}
